
Microsoft Visual Studio Solution File, Format Version 12.00
# Visual Studio Version 16
VisualStudioVersion = 16.0.30717.126
MinimumVisualStudioVersion = 10.0.40219.1
Project("{FAE04EC0-301F-11D3-BF4B-00C04F79EFBC}") = "OlderConsoleAppWithAppIns", "OldConsoleAppWithAppIns\OlderConsoleAppWithAppIns.csproj", "{31F3FE87-131C-4ADC-9877-1969E9F56516}"
EndProject
Global
	GlobalSection(SolutionConfigurationPlatforms) = preSolution
		Debug|Any CPU = Debug|Any CPU
		Release|Any CPU = Release|Any CPU
	EndGlobalSection
	GlobalSection(ProjectConfigurationPlatforms) = postSolution
		{31F3FE87-131C-4ADC-9877-1969E9F56516}.Debug|Any CPU.ActiveCfg = Debug|Any CPU
		{31F3FE87-131C-4ADC-9877-1969E9F56516}.Debug|Any CPU.Build.0 = Debug|Any CPU
		{31F3FE87-131C-4ADC-9877-1969E9F56516}.Release|Any CPU.ActiveCfg = Release|Any CPU
		{31F3FE87-131C-4ADC-9877-1969E9F56516}.Release|Any CPU.Build.0 = Release|Any CPU
	EndGlobalSection
	GlobalSection(SolutionProperties) = preSolution
		HideSolutionNode = FALSE
	EndGlobalSection
	GlobalSection(ExtensibilityGlobals) = postSolution
		SolutionGuid = {A6084908-28CC-40BB-936A-28D4837B8930}
	EndGlobalSection
EndGlobal
